
Microsoft Visual Studio Solution File, Format Version 12.00
# Visual Studio 15
Project("{FAE04EC0-301F-11D3-BF4B-00C04F79EFBC}") = "Traveler.Android", "Traveler.Android\Traveler.Android.csproj", "{6AE553EE-F225-4423-AB60-2F45D3B97ACA}"
EndProject
Project("{FAE04EC0-301F-11D3-BF4B-00C04F79EFBC}") = "Traveler.iOS", "Traveler.iOS\Traveler.iOS.csproj", "{01BAD4A4-B0D2-4569-A00D-ABFE90E4E67E}"
EndProject
Project("{FAE04EC0-301F-11D3-BF4B-00C04F79EFBC}") = "Traveler", "Traveler\Traveler.csproj", "{290BD554-185D-4987-A538-281EAF036E5F}"
EndProject
Project("{2150E333-8FDC-42A3-9474-1A3956D46DE8}") = "test", "test", "{0054007C-D91E-48FC-B6ED-8FF0DB9EB86A}"
EndProject
Project("{2150E333-8FDC-42A3-9474-1A3956D46DE8}") = "src", "src", "{28487401-16F6-4ABE-B71F-60BFEC3E95A3}"
EndProject
Project("{FAE04EC0-301F-11D3-BF4B-00C04F79EFBC}") = "Traveler.UnitTests", "test\Traveler.UnitTests\Traveler.UnitTests.csproj", "{C1A2B4C7-8012-4CA2-943E-759B8531C627}"
EndProject
Project("{FAE04EC0-301F-11D3-BF4B-00C04F79EFBC}") = "Traveler.UITests", "test\Traveler.UITests\Traveler.UITests.csproj", "{86D3C321-2315-4E5D-A7C2-CE1D91A89AA4}"
EndProject
Global
	GlobalSection(SolutionConfigurationPlatforms) = preSolution
		Debug|Any CPU = Debug|Any CPU
		Release|Any CPU = Release|Any CPU
		Debug|iPhoneSimulator = Debug|iPhoneSimulator
		Release|iPhoneSimulator = Release|iPhoneSimulator
		Debug|iPhone = Debug|iPhone
		Release|iPhone = Release|iPhone
		Ad-Hoc|iPhone = Ad-Hoc|iPhone
		AppStore|iPhone = AppStore|iPhone
		UITest|iPhoneSimulator = UITest|iPhoneSimulator
		UITest|Any CPU = UITest|Any CPU
	EndGlobalSection
	GlobalSection(ProjectConfigurationPlatforms) = postSolution
		{6AE553EE-F225-4423-AB60-2F45D3B97ACA}.Debug|Any CPU.ActiveCfg = Debug|Any CPU
		{6AE553EE-F225-4423-AB60-2F45D3B97ACA}.Debug|Any CPU.Build.0 = Debug|Any CPU
		{6AE553EE-F225-4423-AB60-2F45D3B97ACA}.Release|Any CPU.ActiveCfg = Release|Any CPU
		{6AE553EE-F225-4423-AB60-2F45D3B97ACA}.Release|Any CPU.Build.0 = Release|Any CPU
		{6AE553EE-F225-4423-AB60-2F45D3B97ACA}.Debug|iPhoneSimulator.ActiveCfg = Debug|Any CPU
		{6AE553EE-F225-4423-AB60-2F45D3B97ACA}.Debug|iPhoneSimulator.Build.0 = Debug|Any CPU
		{6AE553EE-F225-4423-AB60-2F45D3B97ACA}.Release|iPhoneSimulator.ActiveCfg = Release|Any CPU
		{6AE553EE-F225-4423-AB60-2F45D3B97ACA}.Release|iPhoneSimulator.Build.0 = Release|Any CPU
		{6AE553EE-F225-4423-AB60-2F45D3B97ACA}.Debug|iPhone.ActiveCfg = Debug|Any CPU
		{6AE553EE-F225-4423-AB60-2F45D3B97ACA}.Debug|iPhone.Build.0 = Debug|Any CPU
		{6AE553EE-F225-4423-AB60-2F45D3B97ACA}.Release|iPhone.ActiveCfg = Release|Any CPU
		{6AE553EE-F225-4423-AB60-2F45D3B97ACA}.Release|iPhone.Build.0 = Release|Any CPU
		{6AE553EE-F225-4423-AB60-2F45D3B97ACA}.Ad-Hoc|iPhone.ActiveCfg = Debug|Any CPU
		{6AE553EE-F225-4423-AB60-2F45D3B97ACA}.Ad-Hoc|iPhone.Build.0 = Debug|Any CPU
		{6AE553EE-F225-4423-AB60-2F45D3B97ACA}.AppStore|iPhone.ActiveCfg = Debug|Any CPU
		{6AE553EE-F225-4423-AB60-2F45D3B97ACA}.AppStore|iPhone.Build.0 = Debug|Any CPU
		{6AE553EE-F225-4423-AB60-2F45D3B97ACA}.UITest|iPhoneSimulator.ActiveCfg = UITest|iPhoneSimulator
		{6AE553EE-F225-4423-AB60-2F45D3B97ACA}.UITest|iPhoneSimulator.Build.0 = UITest|iPhoneSimulator
		{6AE553EE-F225-4423-AB60-2F45D3B97ACA}.UITest|Any CPU.ActiveCfg = UITest|Any CPU
		{6AE553EE-F225-4423-AB60-2F45D3B97ACA}.UITest|Any CPU.Build.0 = UITest|Any CPU
		{01BAD4A4-B0D2-4569-A00D-ABFE90E4E67E}.Debug|Any CPU.ActiveCfg = Debug|iPhoneSimulator
		{01BAD4A4-B0D2-4569-A00D-ABFE90E4E67E}.Debug|Any CPU.Build.0 = Debug|iPhoneSimulator
		{01BAD4A4-B0D2-4569-A00D-ABFE90E4E67E}.Release|Any CPU.ActiveCfg = Release|iPhoneSimulator
		{01BAD4A4-B0D2-4569-A00D-ABFE90E4E67E}.Release|Any CPU.Build.0 = Release|iPhoneSimulator
		{01BAD4A4-B0D2-4569-A00D-ABFE90E4E67E}.Debug|iPhoneSimulator.ActiveCfg = Debug|iPhoneSimulator
		{01BAD4A4-B0D2-4569-A00D-ABFE90E4E67E}.Debug|iPhoneSimulator.Build.0 = Debug|iPhoneSimulator
		{01BAD4A4-B0D2-4569-A00D-ABFE90E4E67E}.Release|iPhoneSimulator.ActiveCfg = Release|iPhoneSimulator
		{01BAD4A4-B0D2-4569-A00D-ABFE90E4E67E}.Release|iPhoneSimulator.Build.0 = Release|iPhoneSimulator
		{01BAD4A4-B0D2-4569-A00D-ABFE90E4E67E}.Debug|iPhone.ActiveCfg = Debug|iPhone
		{01BAD4A4-B0D2-4569-A00D-ABFE90E4E67E}.Debug|iPhone.Build.0 = Debug|iPhone
		{01BAD4A4-B0D2-4569-A00D-ABFE90E4E67E}.Release|iPhone.ActiveCfg = Release|iPhone
		{01BAD4A4-B0D2-4569-A00D-ABFE90E4E67E}.Release|iPhone.Build.0 = Release|iPhone
		{01BAD4A4-B0D2-4569-A00D-ABFE90E4E67E}.Ad-Hoc|iPhone.ActiveCfg = Ad-Hoc|iPhone
		{01BAD4A4-B0D2-4569-A00D-ABFE90E4E67E}.Ad-Hoc|iPhone.Build.0 = Ad-Hoc|iPhone
		{01BAD4A4-B0D2-4569-A00D-ABFE90E4E67E}.AppStore|iPhone.ActiveCfg = AppStore|iPhone
		{01BAD4A4-B0D2-4569-A00D-ABFE90E4E67E}.AppStore|iPhone.Build.0 = AppStore|iPhone
		{01BAD4A4-B0D2-4569-A00D-ABFE90E4E67E}.UITest|iPhoneSimulator.ActiveCfg = UITest|iPhoneSimulator
		{01BAD4A4-B0D2-4569-A00D-ABFE90E4E67E}.UITest|iPhoneSimulator.Build.0 = UITest|iPhoneSimulator
		{01BAD4A4-B0D2-4569-A00D-ABFE90E4E67E}.UITest|Any CPU.ActiveCfg = UITest|Any CPU
		{01BAD4A4-B0D2-4569-A00D-ABFE90E4E67E}.UITest|Any CPU.Build.0 = UITest|Any CPU
		{290BD554-185D-4987-A538-281EAF036E5F}.Debug|Any CPU.ActiveCfg = Debug|Any CPU
		{290BD554-185D-4987-A538-281EAF036E5F}.Debug|Any CPU.Build.0 = Debug|Any CPU
		{290BD554-185D-4987-A538-281EAF036E5F}.Release|Any CPU.ActiveCfg = Release|Any CPU
		{290BD554-185D-4987-A538-281EAF036E5F}.Release|Any CPU.Build.0 = Release|Any CPU
		{290BD554-185D-4987-A538-281EAF036E5F}.Debug|iPhoneSimulator.ActiveCfg = Debug|Any CPU
		{290BD554-185D-4987-A538-281EAF036E5F}.Debug|iPhoneSimulator.Build.0 = Debug|Any CPU
		{290BD554-185D-4987-A538-281EAF036E5F}.Release|iPhoneSimulator.ActiveCfg = Release|Any CPU
		{290BD554-185D-4987-A538-281EAF036E5F}.Release|iPhoneSimulator.Build.0 = Release|Any CPU
		{290BD554-185D-4987-A538-281EAF036E5F}.Debug|iPhone.ActiveCfg = Debug|Any CPU
		{290BD554-185D-4987-A538-281EAF036E5F}.Debug|iPhone.Build.0 = Debug|Any CPU
		{290BD554-185D-4987-A538-281EAF036E5F}.Release|iPhone.ActiveCfg = Release|Any CPU
		{290BD554-185D-4987-A538-281EAF036E5F}.Release|iPhone.Build.0 = Release|Any CPU
		{290BD554-185D-4987-A538-281EAF036E5F}.Ad-Hoc|iPhone.ActiveCfg = Debug|Any CPU
		{290BD554-185D-4987-A538-281EAF036E5F}.Ad-Hoc|iPhone.Build.0 = Debug|Any CPU
		{290BD554-185D-4987-A538-281EAF036E5F}.AppStore|iPhone.ActiveCfg = Debug|Any CPU
		{290BD554-185D-4987-A538-281EAF036E5F}.AppStore|iPhone.Build.0 = Debug|Any CPU
		{290BD554-185D-4987-A538-281EAF036E5F}.UITest|iPhoneSimulator.ActiveCfg = UITest|iPhoneSimulator
		{290BD554-185D-4987-A538-281EAF036E5F}.UITest|iPhoneSimulator.Build.0 = UITest|iPhoneSimulator
		{290BD554-185D-4987-A538-281EAF036E5F}.UITest|Any CPU.ActiveCfg = UITest|Any CPU
		{290BD554-185D-4987-A538-281EAF036E5F}.UITest|Any CPU.Build.0 = UITest|Any CPU
		{C1A2B4C7-8012-4CA2-943E-759B8531C627}.Debug|Any CPU.ActiveCfg = Debug|Any CPU
		{C1A2B4C7-8012-4CA2-943E-759B8531C627}.Debug|Any CPU.Build.0 = Debug|Any CPU
		{C1A2B4C7-8012-4CA2-943E-759B8531C627}.Release|Any CPU.ActiveCfg = Release|Any CPU
		{C1A2B4C7-8012-4CA2-943E-759B8531C627}.Release|Any CPU.Build.0 = Release|Any CPU
		{C1A2B4C7-8012-4CA2-943E-759B8531C627}.Debug|iPhoneSimulator.ActiveCfg = Debug|Any CPU
		{C1A2B4C7-8012-4CA2-943E-759B8531C627}.Debug|iPhoneSimulator.Build.0 = Debug|Any CPU
		{C1A2B4C7-8012-4CA2-943E-759B8531C627}.Release|iPhoneSimulator.ActiveCfg = Release|Any CPU
		{C1A2B4C7-8012-4CA2-943E-759B8531C627}.Release|iPhoneSimulator.Build.0 = Release|Any CPU
		{C1A2B4C7-8012-4CA2-943E-759B8531C627}.Debug|iPhone.ActiveCfg = Debug|Any CPU
		{C1A2B4C7-8012-4CA2-943E-759B8531C627}.Debug|iPhone.Build.0 = Debug|Any CPU
		{C1A2B4C7-8012-4CA2-943E-759B8531C627}.Release|iPhone.ActiveCfg = Release|Any CPU
		{C1A2B4C7-8012-4CA2-943E-759B8531C627}.Release|iPhone.Build.0 = Release|Any CPU
		{C1A2B4C7-8012-4CA2-943E-759B8531C627}.Ad-Hoc|iPhone.ActiveCfg = Release|Any CPU
		{C1A2B4C7-8012-4CA2-943E-759B8531C627}.Ad-Hoc|iPhone.Build.0 = Release|Any CPU
		{C1A2B4C7-8012-4CA2-943E-759B8531C627}.AppStore|iPhone.ActiveCfg = Release|Any CPU
		{C1A2B4C7-8012-4CA2-943E-759B8531C627}.AppStore|iPhone.Build.0 = Release|Any CPU
		{C1A2B4C7-8012-4CA2-943E-759B8531C627}.UITest|iPhoneSimulator.ActiveCfg = UITest|iPhoneSimulator
		{C1A2B4C7-8012-4CA2-943E-759B8531C627}.UITest|iPhoneSimulator.Build.0 = UITest|iPhoneSimulator
		{C1A2B4C7-8012-4CA2-943E-759B8531C627}.UITest|Any CPU.ActiveCfg = UITest|Any CPU
		{C1A2B4C7-8012-4CA2-943E-759B8531C627}.UITest|Any CPU.Build.0 = UITest|Any CPU
		{86D3C321-2315-4E5D-A7C2-CE1D91A89AA4}.Debug|Any CPU.ActiveCfg = Debug|Any CPU
		{86D3C321-2315-4E5D-A7C2-CE1D91A89AA4}.Debug|Any CPU.Build.0 = Debug|Any CPU
		{86D3C321-2315-4E5D-A7C2-CE1D91A89AA4}.Release|Any CPU.ActiveCfg = Release|Any CPU
		{86D3C321-2315-4E5D-A7C2-CE1D91A89AA4}.Release|Any CPU.Build.0 = Release|Any CPU
		{86D3C321-2315-4E5D-A7C2-CE1D91A89AA4}.Debug|iPhoneSimulator.ActiveCfg = Debug|Any CPU
		{86D3C321-2315-4E5D-A7C2-CE1D91A89AA4}.Debug|iPhoneSimulator.Build.0 = Debug|Any CPU
		{86D3C321-2315-4E5D-A7C2-CE1D91A89AA4}.Release|iPhoneSimulator.ActiveCfg = Release|Any CPU
		{86D3C321-2315-4E5D-A7C2-CE1D91A89AA4}.Release|iPhoneSimulator.Build.0 = Release|Any CPU
		{86D3C321-2315-4E5D-A7C2-CE1D91A89AA4}.Debug|iPhone.ActiveCfg = Debug|Any CPU
		{86D3C321-2315-4E5D-A7C2-CE1D91A89AA4}.Debug|iPhone.Build.0 = Debug|Any CPU
		{86D3C321-2315-4E5D-A7C2-CE1D91A89AA4}.Release|iPhone.ActiveCfg = Release|Any CPU
		{86D3C321-2315-4E5D-A7C2-CE1D91A89AA4}.Release|iPhone.Build.0 = Release|Any CPU
		{86D3C321-2315-4E5D-A7C2-CE1D91A89AA4}.Ad-Hoc|iPhone.ActiveCfg = Release|Any CPU
		{86D3C321-2315-4E5D-A7C2-CE1D91A89AA4}.Ad-Hoc|iPhone.Build.0 = Release|Any CPU
		{86D3C321-2315-4E5D-A7C2-CE1D91A89AA4}.AppStore|iPhone.ActiveCfg = Release|Any CPU
		{86D3C321-2315-4E5D-A7C2-CE1D91A89AA4}.AppStore|iPhone.Build.0 = Release|Any CPU
		{86D3C321-2315-4E5D-A7C2-CE1D91A89AA4}.UITest|iPhoneSimulator.ActiveCfg = UITest|iPhoneSimulator
		{86D3C321-2315-4E5D-A7C2-CE1D91A89AA4}.UITest|iPhoneSimulator.Build.0 = UITest|iPhoneSimulator
		{86D3C321-2315-4E5D-A7C2-CE1D91A89AA4}.UITest|Any CPU.ActiveCfg = UITest|Any CPU
		{86D3C321-2315-4E5D-A7C2-CE1D91A89AA4}.UITest|Any CPU.Build.0 = UITest|Any CPU
	EndGlobalSection
	GlobalSection(NestedProjects) = preSolution
		{290BD554-185D-4987-A538-281EAF036E5F} = {28487401-16F6-4ABE-B71F-60BFEC3E95A3}
		{6AE553EE-F225-4423-AB60-2F45D3B97ACA} = {28487401-16F6-4ABE-B71F-60BFEC3E95A3}
		{01BAD4A4-B0D2-4569-A00D-ABFE90E4E67E} = {28487401-16F6-4ABE-B71F-60BFEC3E95A3}
		{C1A2B4C7-8012-4CA2-943E-759B8531C627} = {0054007C-D91E-48FC-B6ED-8FF0DB9EB86A}
		{86D3C321-2315-4E5D-A7C2-CE1D91A89AA4} = {0054007C-D91E-48FC-B6ED-8FF0DB9EB86A}
	EndGlobalSection
EndGlobal
